hash: 399dac4d2424406c7c68d5a08b7679f54d2cc8921688718961b914fcbddb73dd
updated: 2017-09-04T12:37:10.3916926+08:00
imports:
- name: github.com/gin-gonic/gin
  version: d459835d2b077e44f7c9b453505ee29881d5d12d
- name: github.com/juju/ratelimit
  version: 5b9ff866471762aa2ab2dced63c9fb6f53921342
- name: github.com/mitchellh/go-ps
  version: 4fdf99ab29366514c69ccccddab5dc58b8d84062
- name: github.com/shirou/gopsutil
  version: 114c78c777eb86b58e40910cbd3fc451829c366d
  subpackages:
  - internal/common
  - mem
- name: github.com/Sirupsen/logrus
  version: f006c2ac4710855cf0f916dd6b77acf6b048dc6e
- name: golang.org/x/sys
  version: 7ddbeae9ae08c6a06a59597f0c9edbc5ff2444ce
  subpackages:
  - unix
  - windows
testImports: []
