hash: ef74261840cf1cdc1fa8413c318649bd55add9a1d94aafc25d77c5fb4167e769
updated: 2017-09-06T17:51:51.54896673+08:00
imports:
- name: github.com/gin-contrib/sse
  version: 22d885f9ecc78bf4ee5d72b937e4bbcdc58e8cae
- name: github.com/gin-gonic/gin
  version: d459835d2b077e44f7c9b453505ee29881d5d12d
  subpackages:
  - binding
  - render
- name: github.com/go-ole/go-ole
  version: 085abb85892dc1949567b726dff00fa226c60c45
  subpackages:
  - oleutil
- name: github.com/golang/protobuf
  version: 17ce1425424ab154092bbb43af630bd647f3bb0d
  subpackages:
  - proto
- name: github.com/juju/ratelimit
  version: 5b9ff866471762aa2ab2dced63c9fb6f53921342
- name: github.com/mattn/go-isatty
  version: fc9e8d8ef48496124e79ae0df75490096eccf6fe
- name: github.com/mitchellh/go-ps
  version: 4fdf99ab29366514c69ccccddab5dc58b8d84062
- name: github.com/shirou/gopsutil
  version: a452de7c734a0fa0f16d2e5725b0fa5934d9fbec
  subpackages:
  - cpu
  - host
  - internal/common
  - mem
  - net
  - process
- name: github.com/shirou/w32
  version: bb4de0191aa41b5507caa14b0650cdbddcd9280b
- name: github.com/shurcooL/httpfs
  version: bc35257962c2dea93e81c976b72c7c6eac45fd8a
  subpackages:
  - vfsutil
- name: github.com/shurcooL/vfsgen
  version: 385e5833a54aaba5860ca26036b8e8b72135ab96
- name: github.com/Sirupsen/logrus
  version: f006c2ac4710855cf0f916dd6b77acf6b048dc6e
- name: github.com/StackExchange/wmi
  version: ea383cf3ba6ec950874b8486cd72356d007c768f
- name: github.com/ugorji/go
  version: 8c0409fcbb70099c748d71f714529204975f6c3f
  subpackages:
  - codec
- name: golang.org/x/sys
  version: 9aade4d3a3b7e6d876cd3823ad20ec45fc035402
  subpackages:
  - unix
  - windows
- name: golang.org/x/tools
  version: 3b1faeda9afbcba128c2d794b38ffe7982141139
  subpackages:
  - godoc/vfs
- name: gopkg.in/go-playground/validator.v8
  version: 5f1438d3fca68893a817e4a66806cea46a9e4ebf
- name: gopkg.in/yaml.v2
  version: eb3733d160e74a9c7e442f435eb3bea458e1d19f
testImports: []
