hash: 2eeb4f41d05321f5f81eadc6a21fe9d336a7933392dff9b1adb44213151e4459
updated: 2017-09-02T17:46:47.4949203+08:00
imports:
- name: github.com/mitchellh/go-ps
  version: 4fdf99ab29366514c69ccccddab5dc58b8d84062
- name: github.com/Sirupsen/logrus
  version: f006c2ac4710855cf0f916dd6b77acf6b048dc6e
testImports: []
